<?xml version="1.0" encoding="utf-8"?>
<Project ToolsVersion="4.0" xmlns="http://schemas.microsoft.com/developer/msbuild/2003">
  <ItemGroup>
    <Filter Include="Source Files">
      <UniqueIdentifier>{194b2d12-cb00-4560-9306-294cea2ac88d}</UniqueIdentifier>
      <Extensions>cpp;c;cxx;rc;def;r;odl;idl;hpj;bat</Extensions>
    </Filter>
    <Filter Include="Header Files">
      <UniqueIdentifier>{d81a3017-8c57-4633-b946-543cea0f047d}</UniqueIdentifier>
      <Extensions>h;hpp;hxx;hm;inl</Extensions>
    </Filter>
    <Filter Include="Resource Files">
      <UniqueIdentifier>{8649c451-8958-474f-9c2b-b452e9180436}</UniqueIdentifier>
      <Extensions>ico;cur;bmp;dlg;rc2;rct;bin;rgs;gif;jpg;jpeg;jpe</Extensions>
    </Filter>
  </ItemGroup>
  <ItemGroup>
    <ClCompile Include="Command.cpp">
      <Filter>Source Files</Filter>
    </ClCompile>
    <ClCompile Include="FileManage.cpp">
      <Filter>Source Files</Filter>
    </ClCompile>
    <ClCompile Include="maizang.cpp">
      <Filter>Source Files</Filter>
    </ClCompile>
    <ClCompile Include="maizangDlg.cpp">
      <Filter>Source Files</Filter>
    </ClCompile>
    <ClCompile Include="StdAfx.cpp">
      <Filter>Source Files</Filter>
    </ClCompile>
    <ClCompile Include="TrueColorToolBar.cpp">
      <Filter>Source Files</Filter>
    </ClCompile>
    <ClCompile Include="CmdDlg.cpp">
      <Filter>Source Files</Filter>
    </ClCompile>
    <ClCompile Include="ScreenDlg.cpp">
      <Filter>Source Files</Filter>
    </ClCompile>
    <ClCompile Include="Process.cpp">
      <Filter>Source Files</Filter>
    </ClCompile>
    <ClCompile Include="SettingDlg.cpp">
      <Filter>Source Files</Filter>
    </ClCompile>
    <ClCompile Include="ConnectInfo.cpp">
      <Filter>Source Files</Filter>
    </ClCompile>
    <ClCompile Include="WindowManagerDlg.cpp">
      <Filter>Source Files</Filter>
    </ClCompile>
    <ClCompile Include="VoiceManage.cpp">
      <Filter>Source Files</Filter>
    </ClCompile>
    <ClCompile Include="OpenUrlDlg.cpp">
      <Filter>Source Files</Filter>
    </ClCompile>
  </ItemGroup>
  <ItemGroup>
    <ResourceCompile Include="maizang.rc">
      <Filter>Source Files</Filter>
    </ResourceCompile>
  </ItemGroup>
  <ItemGroup>
    <ClInclude Include="exten class\AutoLock.h">
      <Filter>Header Files</Filter>
    </ClInclude>
    <ClInclude Include="Command.h">
      <Filter>Header Files</Filter>
    </ClInclude>
    <ClInclude Include="FileManage.h">
      <Filter>Header Files</Filter>
    </ClInclude>
    <ClInclude Include="maizang.h">
      <Filter>Header Files</Filter>
    </ClInclude>
    <ClInclude Include="maizangDlg.h">
      <Filter>Header Files</Filter>
    </ClInclude>
    <ClInclude Include="Resource.h">
      <Filter>Header Files</Filter>
    </ClInclude>
    <ClInclude Include="StdAfx.h">
      <Filter>Header Files</Filter>
    </ClInclude>
    <ClInclude Include="ThreadTemplate.h">
      <Filter>Header Files</Filter>
    </ClInclude>
    <ClInclude Include="TrueColorToolBar.h">
      <Filter>Header Files</Filter>
    </ClInclude>
    <ClInclude Include="SettingDlg.h">
      <Filter>Header Files</Filter>
    </ClInclude>
    <ClInclude Include="ConnectInfo.h">
      <Filter>Header Files</Filter>
    </ClInclude>
    <ClInclude Include="WindowManagerDlg.h">
      <Filter>Header Files</Filter>
    </ClInclude>
    <ClInclude Include="VoiceManage.h">
      <Filter>Header Files</Filter>
    </ClInclude>
    <ClInclude Include="OpenUrlDlg.h">
      <Filter>Header Files</Filter>
    </ClInclude>
  </ItemGroup>
  <ItemGroup>
    <Image Include="res\FILE.ico">
      <Filter>Resource Files</Filter>
    </Image>
    <Image Include="res\FileToolBarDisable.bmp">
      <Filter>Resource Files</Filter>
    </Image>
    <Image Include="res\FileToolBarHot.bmp">
      <Filter>Resource Files</Filter>
    </Image>
    <Image Include="res\FileToolBarNormal.bmp">
      <Filter>Resource Files</Filter>
    </Image>
    <Image Include="res\flie_too.bmp">
      <Filter>Resource Files</Filter>
    </Image>
    <Image Include="res\folders.bmp">
      <Filter>Resource Files</Filter>
    </Image>
    <Image Include="res\maizang.ico">
      <Filter>Resource Files</Filter>
    </Image>
    <Image Include="res\toolbar1.bmp">
      <Filter>Resource Files</Filter>
    </Image>
    <Image Include="res\远控_h.bmp">
      <Filter>Resource Files</Filter>
    </Image>
  </ItemGroup>
  <ItemGroup>
    <Text Include="ReadMe.txt" />
  </ItemGroup>
  <ItemGroup>
    <CustomBuild Include="..\..\..\..\..\Program Files\Microsoft Visual Studio\VC98\MFC\Include\AFXCMN.INL">
      <Filter>Header Files</Filter>
    </CustomBuild>
    <CustomBuild Include="res\maizang.rc2">
      <Filter>Resource Files</Filter>
    </CustomBuild>
  </ItemGroup>
</Project>